
Microsoft Visual Studio Solution File, Format Version 12.00
# Visual Studio 15
Project("{FAE04EC0-301F-11D3-BF4B-00C04F79EFBC}") = "Lands.Android", "Lands.Android\Lands.Android.csproj", "{43BA17B3-6264-4D56-A3D7-2AAC536C55AF}"
EndProject
Project("{FAE04EC0-301F-11D3-BF4B-00C04F79EFBC}") = "Lands.iOS", "Lands.iOS\Lands.iOS.csproj", "{57F23F88-E9B8-4852-B4F9-36F764A67171}"
EndProject
Project("{FAE04EC0-301F-11D3-BF4B-00C04F79EFBC}") = "Lands", "Lands\Lands.csproj", "{5224A683-DAA7-412F-B172-32F6036510FD}"
EndProject
Global
	GlobalSection(SolutionConfigurationPlatforms) = preSolution
		Debug|Any CPU = Debug|Any CPU
		Release|Any CPU = Release|Any CPU
		Debug|iPhoneSimulator = Debug|iPhoneSimulator
		Release|iPhoneSimulator = Release|iPhoneSimulator
		Debug|iPhone = Debug|iPhone
		Release|iPhone = Release|iPhone
		Ad-Hoc|iPhone = Ad-Hoc|iPhone
		AppStore|iPhone = AppStore|iPhone
	EndGlobalSection
	GlobalSection(ProjectConfigurationPlatforms) = postSolution
		{43BA17B3-6264-4D56-A3D7-2AAC536C55AF}.Debug|Any CPU.ActiveCfg = Debug|Any CPU
		{43BA17B3-6264-4D56-A3D7-2AAC536C55AF}.Debug|Any CPU.Build.0 = Debug|Any CPU
		{43BA17B3-6264-4D56-A3D7-2AAC536C55AF}.Release|Any CPU.ActiveCfg = Release|Any CPU
		{43BA17B3-6264-4D56-A3D7-2AAC536C55AF}.Release|Any CPU.Build.0 = Release|Any CPU
		{43BA17B3-6264-4D56-A3D7-2AAC536C55AF}.Debug|iPhoneSimulator.ActiveCfg = Debug|Any CPU
		{43BA17B3-6264-4D56-A3D7-2AAC536C55AF}.Debug|iPhoneSimulator.Build.0 = Debug|Any CPU
		{43BA17B3-6264-4D56-A3D7-2AAC536C55AF}.Release|iPhoneSimulator.ActiveCfg = Release|Any CPU
		{43BA17B3-6264-4D56-A3D7-2AAC536C55AF}.Release|iPhoneSimulator.Build.0 = Release|Any CPU
		{43BA17B3-6264-4D56-A3D7-2AAC536C55AF}.Debug|iPhone.ActiveCfg = Debug|Any CPU
		{43BA17B3-6264-4D56-A3D7-2AAC536C55AF}.Debug|iPhone.Build.0 = Debug|Any CPU
		{43BA17B3-6264-4D56-A3D7-2AAC536C55AF}.Release|iPhone.ActiveCfg = Release|Any CPU
		{43BA17B3-6264-4D56-A3D7-2AAC536C55AF}.Release|iPhone.Build.0 = Release|Any CPU
		{43BA17B3-6264-4D56-A3D7-2AAC536C55AF}.Ad-Hoc|iPhone.ActiveCfg = Debug|Any CPU
		{43BA17B3-6264-4D56-A3D7-2AAC536C55AF}.Ad-Hoc|iPhone.Build.0 = Debug|Any CPU
		{43BA17B3-6264-4D56-A3D7-2AAC536C55AF}.AppStore|iPhone.ActiveCfg = Debug|Any CPU
		{43BA17B3-6264-4D56-A3D7-2AAC536C55AF}.AppStore|iPhone.Build.0 = Debug|Any CPU
		{57F23F88-E9B8-4852-B4F9-36F764A67171}.Debug|Any CPU.ActiveCfg = Debug|iPhoneSimulator
		{57F23F88-E9B8-4852-B4F9-36F764A67171}.Debug|Any CPU.Build.0 = Debug|iPhoneSimulator
		{57F23F88-E9B8-4852-B4F9-36F764A67171}.Release|Any CPU.ActiveCfg = Release|iPhoneSimulator
		{57F23F88-E9B8-4852-B4F9-36F764A67171}.Release|Any CPU.Build.0 = Release|iPhoneSimulator
		{57F23F88-E9B8-4852-B4F9-36F764A67171}.Debug|iPhoneSimulator.ActiveCfg = Debug|iPhoneSimulator
		{57F23F88-E9B8-4852-B4F9-36F764A67171}.Debug|iPhoneSimulator.Build.0 = Debug|iPhoneSimulator
		{57F23F88-E9B8-4852-B4F9-36F764A67171}.Release|iPhoneSimulator.ActiveCfg = Release|iPhoneSimulator
		{57F23F88-E9B8-4852-B4F9-36F764A67171}.Release|iPhoneSimulator.Build.0 = Release|iPhoneSimulator
		{57F23F88-E9B8-4852-B4F9-36F764A67171}.Debug|iPhone.ActiveCfg = Debug|iPhone
		{57F23F88-E9B8-4852-B4F9-36F764A67171}.Debug|iPhone.Build.0 = Debug|iPhone
		{57F23F88-E9B8-4852-B4F9-36F764A67171}.Release|iPhone.ActiveCfg = Release|iPhone
		{57F23F88-E9B8-4852-B4F9-36F764A67171}.Release|iPhone.Build.0 = Release|iPhone
		{57F23F88-E9B8-4852-B4F9-36F764A67171}.Ad-Hoc|iPhone.ActiveCfg = Ad-Hoc|iPhone
		{57F23F88-E9B8-4852-B4F9-36F764A67171}.Ad-Hoc|iPhone.Build.0 = Ad-Hoc|iPhone
		{57F23F88-E9B8-4852-B4F9-36F764A67171}.AppStore|iPhone.ActiveCfg = AppStore|iPhone
		{57F23F88-E9B8-4852-B4F9-36F764A67171}.AppStore|iPhone.Build.0 = AppStore|iPhone
		{5224A683-DAA7-412F-B172-32F6036510FD}.Debug|Any CPU.ActiveCfg = Debug|Any CPU
		{5224A683-DAA7-412F-B172-32F6036510FD}.Debug|Any CPU.Build.0 = Debug|Any CPU
		{5224A683-DAA7-412F-B172-32F6036510FD}.Release|Any CPU.ActiveCfg = Release|Any CPU
		{5224A683-DAA7-412F-B172-32F6036510FD}.Release|Any CPU.Build.0 = Release|Any CPU
		{5224A683-DAA7-412F-B172-32F6036510FD}.Debug|iPhoneSimulator.ActiveCfg = Debug|Any CPU
		{5224A683-DAA7-412F-B172-32F6036510FD}.Debug|iPhoneSimulator.Build.0 = Debug|Any CPU
		{5224A683-DAA7-412F-B172-32F6036510FD}.Release|iPhoneSimulator.ActiveCfg = Release|Any CPU
		{5224A683-DAA7-412F-B172-32F6036510FD}.Release|iPhoneSimulator.Build.0 = Release|Any CPU
		{5224A683-DAA7-412F-B172-32F6036510FD}.Debug|iPhone.ActiveCfg = Debug|Any CPU
		{5224A683-DAA7-412F-B172-32F6036510FD}.Debug|iPhone.Build.0 = Debug|Any CPU
		{5224A683-DAA7-412F-B172-32F6036510FD}.Release|iPhone.ActiveCfg = Release|Any CPU
		{5224A683-DAA7-412F-B172-32F6036510FD}.Release|iPhone.Build.0 = Release|Any CPU
		{5224A683-DAA7-412F-B172-32F6036510FD}.Ad-Hoc|iPhone.ActiveCfg = Debug|Any CPU
		{5224A683-DAA7-412F-B172-32F6036510FD}.Ad-Hoc|iPhone.Build.0 = Debug|Any CPU
		{5224A683-DAA7-412F-B172-32F6036510FD}.AppStore|iPhone.ActiveCfg = Debug|Any CPU
		{5224A683-DAA7-412F-B172-32F6036510FD}.AppStore|iPhone.Build.0 = Debug|Any CPU
	EndGlobalSection
EndGlobal
