
Microsoft Visual Studio Solution File, Format Version 12.00
# Visual Studio 15
Project("{FAE04EC0-301F-11D3-BF4B-00C04F79EFBC}") = "Lands.Android", "Lands.Android\Lands.Android.csproj", "{BCA12701-045A-40D4-BAFA-E905B2AC431B}"
EndProject
Project("{FAE04EC0-301F-11D3-BF4B-00C04F79EFBC}") = "Lands.iOS", "Lands.iOS\Lands.iOS.csproj", "{FF730CEE-A42F-4A88-95D8-3EE3C6296FAA}"
EndProject
Project("{FAE04EC0-301F-11D3-BF4B-00C04F79EFBC}") = "Lands", "Lands\Lands.csproj", "{5AF2A563-749F-4A36-80F8-D78A92DAFCA8}"
EndProject
Global
	GlobalSection(SolutionConfigurationPlatforms) = preSolution
		Debug|Any CPU = Debug|Any CPU
		Release|Any CPU = Release|Any CPU
		Debug|iPhoneSimulator = Debug|iPhoneSimulator
		Release|iPhoneSimulator = Release|iPhoneSimulator
		Debug|iPhone = Debug|iPhone
		Release|iPhone = Release|iPhone
		Ad-Hoc|iPhone = Ad-Hoc|iPhone
		AppStore|iPhone = AppStore|iPhone
	EndGlobalSection
	GlobalSection(ProjectConfigurationPlatforms) = postSolution
		{BCA12701-045A-40D4-BAFA-E905B2AC431B}.Debug|Any CPU.ActiveCfg = Debug|Any CPU
		{BCA12701-045A-40D4-BAFA-E905B2AC431B}.Debug|Any CPU.Build.0 = Debug|Any CPU
		{BCA12701-045A-40D4-BAFA-E905B2AC431B}.Release|Any CPU.ActiveCfg = Release|Any CPU
		{BCA12701-045A-40D4-BAFA-E905B2AC431B}.Release|Any CPU.Build.0 = Release|Any CPU
		{BCA12701-045A-40D4-BAFA-E905B2AC431B}.Debug|iPhoneSimulator.ActiveCfg = Debug|Any CPU
		{BCA12701-045A-40D4-BAFA-E905B2AC431B}.Debug|iPhoneSimulator.Build.0 = Debug|Any CPU
		{BCA12701-045A-40D4-BAFA-E905B2AC431B}.Release|iPhoneSimulator.ActiveCfg = Release|Any CPU
		{BCA12701-045A-40D4-BAFA-E905B2AC431B}.Release|iPhoneSimulator.Build.0 = Release|Any CPU
		{BCA12701-045A-40D4-BAFA-E905B2AC431B}.Debug|iPhone.ActiveCfg = Debug|Any CPU
		{BCA12701-045A-40D4-BAFA-E905B2AC431B}.Debug|iPhone.Build.0 = Debug|Any CPU
		{BCA12701-045A-40D4-BAFA-E905B2AC431B}.Release|iPhone.ActiveCfg = Release|Any CPU
		{BCA12701-045A-40D4-BAFA-E905B2AC431B}.Release|iPhone.Build.0 = Release|Any CPU
		{BCA12701-045A-40D4-BAFA-E905B2AC431B}.Ad-Hoc|iPhone.ActiveCfg = Debug|Any CPU
		{BCA12701-045A-40D4-BAFA-E905B2AC431B}.Ad-Hoc|iPhone.Build.0 = Debug|Any CPU
		{BCA12701-045A-40D4-BAFA-E905B2AC431B}.AppStore|iPhone.ActiveCfg = Debug|Any CPU
		{BCA12701-045A-40D4-BAFA-E905B2AC431B}.AppStore|iPhone.Build.0 = Debug|Any CPU
		{FF730CEE-A42F-4A88-95D8-3EE3C6296FAA}.Debug|Any CPU.ActiveCfg = Debug|iPhoneSimulator
		{FF730CEE-A42F-4A88-95D8-3EE3C6296FAA}.Debug|Any CPU.Build.0 = Debug|iPhoneSimulator
		{FF730CEE-A42F-4A88-95D8-3EE3C6296FAA}.Release|Any CPU.ActiveCfg = Release|iPhoneSimulator
		{FF730CEE-A42F-4A88-95D8-3EE3C6296FAA}.Release|Any CPU.Build.0 = Release|iPhoneSimulator
		{FF730CEE-A42F-4A88-95D8-3EE3C6296FAA}.Debug|iPhoneSimulator.ActiveCfg = Debug|iPhoneSimulator
		{FF730CEE-A42F-4A88-95D8-3EE3C6296FAA}.Debug|iPhoneSimulator.Build.0 = Debug|iPhoneSimulator
		{FF730CEE-A42F-4A88-95D8-3EE3C6296FAA}.Release|iPhoneSimulator.ActiveCfg = Release|iPhoneSimulator
		{FF730CEE-A42F-4A88-95D8-3EE3C6296FAA}.Release|iPhoneSimulator.Build.0 = Release|iPhoneSimulator
		{FF730CEE-A42F-4A88-95D8-3EE3C6296FAA}.Debug|iPhone.ActiveCfg = Debug|iPhone
		{FF730CEE-A42F-4A88-95D8-3EE3C6296FAA}.Debug|iPhone.Build.0 = Debug|iPhone
		{FF730CEE-A42F-4A88-95D8-3EE3C6296FAA}.Release|iPhone.ActiveCfg = Release|iPhone
		{FF730CEE-A42F-4A88-95D8-3EE3C6296FAA}.Release|iPhone.Build.0 = Release|iPhone
		{FF730CEE-A42F-4A88-95D8-3EE3C6296FAA}.Ad-Hoc|iPhone.ActiveCfg = Ad-Hoc|iPhone
		{FF730CEE-A42F-4A88-95D8-3EE3C6296FAA}.Ad-Hoc|iPhone.Build.0 = Ad-Hoc|iPhone
		{FF730CEE-A42F-4A88-95D8-3EE3C6296FAA}.AppStore|iPhone.ActiveCfg = AppStore|iPhone
		{FF730CEE-A42F-4A88-95D8-3EE3C6296FAA}.AppStore|iPhone.Build.0 = AppStore|iPhone
		{5AF2A563-749F-4A36-80F8-D78A92DAFCA8}.Debug|Any CPU.ActiveCfg = Debug|Any CPU
		{5AF2A563-749F-4A36-80F8-D78A92DAFCA8}.Debug|Any CPU.Build.0 = Debug|Any CPU
		{5AF2A563-749F-4A36-80F8-D78A92DAFCA8}.Release|Any CPU.ActiveCfg = Release|Any CPU
		{5AF2A563-749F-4A36-80F8-D78A92DAFCA8}.Release|Any CPU.Build.0 = Release|Any CPU
		{5AF2A563-749F-4A36-80F8-D78A92DAFCA8}.Debug|iPhoneSimulator.ActiveCfg = Debug|Any CPU
		{5AF2A563-749F-4A36-80F8-D78A92DAFCA8}.Debug|iPhoneSimulator.Build.0 = Debug|Any CPU
		{5AF2A563-749F-4A36-80F8-D78A92DAFCA8}.Release|iPhoneSimulator.ActiveCfg = Release|Any CPU
		{5AF2A563-749F-4A36-80F8-D78A92DAFCA8}.Release|iPhoneSimulator.Build.0 = Release|Any CPU
		{5AF2A563-749F-4A36-80F8-D78A92DAFCA8}.Debug|iPhone.ActiveCfg = Debug|Any CPU
		{5AF2A563-749F-4A36-80F8-D78A92DAFCA8}.Debug|iPhone.Build.0 = Debug|Any CPU
		{5AF2A563-749F-4A36-80F8-D78A92DAFCA8}.Release|iPhone.ActiveCfg = Release|Any CPU
		{5AF2A563-749F-4A36-80F8-D78A92DAFCA8}.Release|iPhone.Build.0 = Release|Any CPU
		{5AF2A563-749F-4A36-80F8-D78A92DAFCA8}.Ad-Hoc|iPhone.ActiveCfg = Debug|Any CPU
		{5AF2A563-749F-4A36-80F8-D78A92DAFCA8}.Ad-Hoc|iPhone.Build.0 = Debug|Any CPU
		{5AF2A563-749F-4A36-80F8-D78A92DAFCA8}.AppStore|iPhone.ActiveCfg = Debug|Any CPU
		{5AF2A563-749F-4A36-80F8-D78A92DAFCA8}.AppStore|iPhone.Build.0 = Debug|Any CPU
	EndGlobalSection
EndGlobal
